
Microsoft Visual Studio Solution File, Format Version 12.00
# Visual Studio 15
VisualStudioVersion = 15.0.26730.16
MinimumVisualStudioVersion = 10.0.40219.1
Project("{FAE04EC0-301F-11D3-BF4B-00C04F79EFBC}") = "DataLayer", "DataLayer\DataLayer.csproj", "{A57CCCCA-F629-449A-ADDC-DE8CAE76E27F}"
EndProject
Project("{FAE04EC0-301F-11D3-BF4B-00C04F79EFBC}") = "DomainClasses", "DomainClasses\DomainClasses.csproj", "{BFB16D34-6323-453E-838D-9FC5AECC34FA}"
EndProject
Project("{FAE04EC0-301F-11D3-BF4B-00C04F79EFBC}") = "WebApplicationMusicLibrary", "WebApplicationMusicLibrary\WebApplicationMusicLibrary.csproj", "{FD30BCC6-BB80-43F6-8BD3-B58FA82502F3}"
EndProject
Global
	GlobalSection(SolutionConfigurationPlatforms) = preSolution
		Debug|Any CPU = Debug|Any CPU
		Release|Any CPU = Release|Any CPU
	EndGlobalSection
	GlobalSection(ProjectConfigurationPlatforms) = postSolution
		{A57CCCCA-F629-449A-ADDC-DE8CAE76E27F}.Debug|Any CPU.ActiveCfg = Debug|Any CPU
		{A57CCCCA-F629-449A-ADDC-DE8CAE76E27F}.Debug|Any CPU.Build.0 = Debug|Any CPU
		{A57CCCCA-F629-449A-ADDC-DE8CAE76E27F}.Release|Any CPU.ActiveCfg = Release|Any CPU
		{A57CCCCA-F629-449A-ADDC-DE8CAE76E27F}.Release|Any CPU.Build.0 = Release|Any CPU
		{BFB16D34-6323-453E-838D-9FC5AECC34FA}.Debug|Any CPU.ActiveCfg = Debug|Any CPU
		{BFB16D34-6323-453E-838D-9FC5AECC34FA}.Debug|Any CPU.Build.0 = Debug|Any CPU
		{BFB16D34-6323-453E-838D-9FC5AECC34FA}.Release|Any CPU.ActiveCfg = Release|Any CPU
		{BFB16D34-6323-453E-838D-9FC5AECC34FA}.Release|Any CPU.Build.0 = Release|Any CPU
		{FD30BCC6-BB80-43F6-8BD3-B58FA82502F3}.Debug|Any CPU.ActiveCfg = Debug|Any CPU
		{FD30BCC6-BB80-43F6-8BD3-B58FA82502F3}.Debug|Any CPU.Build.0 = Debug|Any CPU
		{FD30BCC6-BB80-43F6-8BD3-B58FA82502F3}.Release|Any CPU.ActiveCfg = Release|Any CPU
		{FD30BCC6-BB80-43F6-8BD3-B58FA82502F3}.Release|Any CPU.Build.0 = Release|Any CPU
	EndGlobalSection
	GlobalSection(SolutionProperties) = preSolution
		HideSolutionNode = FALSE
	EndGlobalSection
	GlobalSection(ExtensibilityGlobals) = postSolution
		SolutionGuid = {319159FC-FDDA-4A35-ABF8-ECAF313E496C}
	EndGlobalSection
EndGlobal
