
Microsoft Visual Studio Solution File, Format Version 12.00
# Visual Studio 15
VisualStudioVersion = 15.0.26730.16
MinimumVisualStudioVersion = 10.0.40219.1
Project("{FAE04EC0-301F-11D3-BF4B-00C04F79EFBC}") = "DataLayer", "DataLayer\DataLayer.csproj", "{88DEB59A-4474-49CC-B446-56D776D3E5E5}"
EndProject
Project("{FAE04EC0-301F-11D3-BF4B-00C04F79EFBC}") = "DomainClasses", "DomainClasses\DomainClasses.csproj", "{8A744DCB-3D35-4BDA-9352-F545F01161A1}"
EndProject
Project("{FAE04EC0-301F-11D3-BF4B-00C04F79EFBC}") = "MusicLibraryWebLayer", "MusicLibraryWebLayer\MusicLibraryWebLayer.csproj", "{DEA43D00-CD3B-4EA4-9735-8E96F087C38B}"
EndProject
Global
	GlobalSection(SolutionConfigurationPlatforms) = preSolution
		Debug|Any CPU = Debug|Any CPU
		Release|Any CPU = Release|Any CPU
	EndGlobalSection
	GlobalSection(ProjectConfigurationPlatforms) = postSolution
		{88DEB59A-4474-49CC-B446-56D776D3E5E5}.Debug|Any CPU.ActiveCfg = Debug|Any CPU
		{88DEB59A-4474-49CC-B446-56D776D3E5E5}.Debug|Any CPU.Build.0 = Debug|Any CPU
		{88DEB59A-4474-49CC-B446-56D776D3E5E5}.Release|Any CPU.ActiveCfg = Release|Any CPU
		{88DEB59A-4474-49CC-B446-56D776D3E5E5}.Release|Any CPU.Build.0 = Release|Any CPU
		{8A744DCB-3D35-4BDA-9352-F545F01161A1}.Debug|Any CPU.ActiveCfg = Debug|Any CPU
		{8A744DCB-3D35-4BDA-9352-F545F01161A1}.Debug|Any CPU.Build.0 = Debug|Any CPU
		{8A744DCB-3D35-4BDA-9352-F545F01161A1}.Release|Any CPU.ActiveCfg = Release|Any CPU
		{8A744DCB-3D35-4BDA-9352-F545F01161A1}.Release|Any CPU.Build.0 = Release|Any CPU
		{DEA43D00-CD3B-4EA4-9735-8E96F087C38B}.Debug|Any CPU.ActiveCfg = Debug|Any CPU
		{DEA43D00-CD3B-4EA4-9735-8E96F087C38B}.Debug|Any CPU.Build.0 = Debug|Any CPU
		{DEA43D00-CD3B-4EA4-9735-8E96F087C38B}.Release|Any CPU.ActiveCfg = Release|Any CPU
		{DEA43D00-CD3B-4EA4-9735-8E96F087C38B}.Release|Any CPU.Build.0 = Release|Any CPU
	EndGlobalSection
	GlobalSection(SolutionProperties) = preSolution
		HideSolutionNode = FALSE
	EndGlobalSection
	GlobalSection(ExtensibilityGlobals) = postSolution
		SolutionGuid = {E4DFBDF4-C917-4BCF-BD9F-BACE1C5E6646}
	EndGlobalSection
EndGlobal
